{
  "version": 4,
  "terraform_version": "1.0.2",
  "serial": 45,
  "lineage": "0adade8e-4f67-8655-6b15-8f317b150283",
  "outputs": {},
  "resources": [
    {
      "mode": "managed",
      "type": "auth0_client",
      "name": "shell_ai",
      "provider": "provider[\"registry.terraform.io/auth0/auth0\"]",
      "instances": [
        {
          "schema_version": 0,
          "attributes": {
            "addons": [],
            "allowed_clients": [],
            "allowed_logout_urls": [],
            "allowed_origins": [],
            "app_type": "regular_web",
            "callbacks": [],
            "client_id": "n4oXvetOQEbzf7d117xzlPYkaxwmthA1",
            "client_metadata": {},
            "client_secret": "Jp9BNX09sxEfn64x8A31lCLNFgQRDLm6D0FXcshckN0T1uLF1gncnDcClCGBbGO8",
            "client_secret_rotation_trigger": null,
            "cross_origin_auth": false,
            "cross_origin_loc": "",
            "custom_login_page": "",
            "custom_login_page_on": true,
            "description": "The Shell AI client",
            "encryption_key": {},
            "form_template": "",
            "grant_types": [
              "password",
              "refresh_token"
            ],
            "id": "n4oXvetOQEbzf7d117xzlPYkaxwmthA1",
            "initiate_login_uri": "",
            "is_first_party": true,
            "is_token_endpoint_ip_header_trusted": false,
            "jwt_configuration": [
              {
                "alg": "RS256",
                "lifetime_in_seconds": 0,
                "scopes": {},
                "secret_encoded": false
              }
            ],
            "logo_uri": "",
            "mobile": [],
            "name": "Shell AI",
            "native_social_login": [
              {
                "apple": [
                  {
                    "enabled": false
                  }
                ],
                "facebook": [
                  {
                    "enabled": false
                  }
                ]
              }
            ],
            "oidc_conformant": true,
            "organization_require_behavior": "",
            "organization_usage": "",
            "refresh_token": [
              {
                "expiration_type": "expiring",
                "idle_token_lifetime": 2592000,
                "infinite_idle_token_lifetime": true,
                "infinite_token_lifetime": false,
                "leeway": 0,
                "rotation_type": "rotating",
                "token_lifetime": 31557600
              }
            ],
            "signing_keys": [
              {
                "cert": "-----BEGIN CERTIFICATE-----\r\nMIIDBTCCAe2gAwIBAgIJOylfuDvgqGB6MA0GCSqGSIb3DQEBCwUAMCAxHjAcBgNV\r\nBAMTFXNoZWxsLWFpLmV1LmF1dGgwLmNvbTAeFw0yMjA5MjEyMDE3NDhaFw0zNjA1\r\nMzAyMDE3NDhaMCAxHjAcBgNVBAMTFXNoZWxsLWFpLmV1LmF1dGgwLmNvbTCCASIw\r\nDQYJKoZIhvcNAQEBBQADggEPADCCAQoCggEBANRZrNKvPgV4srbGZmdSlGRqniV0\r\nfc9AMN2+KrthStlIxi+vRTpOEImqqbCMPLe71Mr2j7u9zdGbfu51iFSJ8M+TKG5t\r\n2i573USPWOKdp9DukXFBpSwRYjZ7wMEhuXTFFZBx0UWtBQp7gPQRyPNYAMc42p4H\r\ncewnNzqwDWEA3Ta8oyOYKLk38u7fsMigBhElsXK+S+TWT+6ldVmM/yLd7cx0MXgl\r\nMowFtTy2k95GKm2W3DsV66OV46zNmhk7gFCtol9v2/Uyn8qsT+AERudI0Vhn5ig3\r\nJaPtJ6VgXZmTzDkQmncKmKynI5vtrwtroKGOFxGcYjxefEWZYkOCB1WFf5MCAwEA\r\nAaNCMEAwDwYDVR0TAQH/BAUwAwEB/zAdBgNVHQ4EFgQUaA3DuH/IVYTgO1L9ot2p\r\nlFXFY28wDgYDVR0PAQH/BAQDAgKEMA0GCSqGSIb3DQEBCwUAA4IBAQCgVACf30Bt\r\nUEEYrR9lsAsZ4qeOQXsPau/iK84ws0SQlTpepRvDbCtm1uTMwqwtZknyov6KHcC+\r\ndDLgxXGEJ8B4QJ7myGfPJy1K0f0E3Tf4DU1HOQ0TZ1+z/U0PnY7sx6/xuRh/mUiS\r\nWTazeWvj6pPxKZ3IlP2ASjCFbU4vQmgmhAxwhxsb8eatYQ0rcrUaS9FFGWZgtrmX\r\nWYUtgKnRlXtZAVGsDObqLJbNSdZC1xI7wHfc66IMFjWoH4+vwzmYCMtXXKW2v1sv\r\noU6WiZDYoONyAXMjklEGJ3U+g+Nzh54QWWUUSf55Czi4l2nfW81rwktkrTqrDiM4\r\nWSV2IrMUa28D\r\n-----END CERTIFICATE-----",
                "pkcs7": "-----BEGIN PKCS7-----\r\nMIIDNAYJKoZIhvcNAQcCoIIDJTCCAyECAQExADALBgkqhkiG9w0BBwGgggMJMIID\r\nBTCCAe2gAwIBAgIJOylfuDvgqGB6MA0GCSqGSIb3DQEBCwUAMCAxHjAcBgNVBAMT\r\nFXNoZWxsLWFpLmV1LmF1dGgwLmNvbTAeFw0yMjA5MjEyMDE3NDhaFw0zNjA1MzAy\r\nMDE3NDhaMCAxHjAcBgNVBAMTFXNoZWxsLWFpLmV1LmF1dGgwLmNvbTCCASIwDQYJ\r\nKoZIhvcNAQEBBQADggEPADCCAQoCggEBANRZrNKvPgV4srbGZmdSlGRqniV0fc9A\r\nMN2+KrthStlIxi+vRTpOEImqqbCMPLe71Mr2j7u9zdGbfu51iFSJ8M+TKG5t2i57\r\n3USPWOKdp9DukXFBpSwRYjZ7wMEhuXTFFZBx0UWtBQp7gPQRyPNYAMc42p4Hcewn\r\nNzqwDWEA3Ta8oyOYKLk38u7fsMigBhElsXK+S+TWT+6ldVmM/yLd7cx0MXglMowF\r\ntTy2k95GKm2W3DsV66OV46zNmhk7gFCtol9v2/Uyn8qsT+AERudI0Vhn5ig3JaPt\r\nJ6VgXZmTzDkQmncKmKynI5vtrwtroKGOFxGcYjxefEWZYkOCB1WFf5MCAwEAAaNC\r\nMEAwDwYDVR0TAQH/BAUwAwEB/zAdBgNVHQ4EFgQUaA3DuH/IVYTgO1L9ot2plFXF\r\nY28wDgYDVR0PAQH/BAQDAgKEMA0GCSqGSIb3DQEBCwUAA4IBAQCgVACf30BtUEEY\r\nrR9lsAsZ4qeOQXsPau/iK84ws0SQlTpepRvDbCtm1uTMwqwtZknyov6KHcC+dDLg\r\nxXGEJ8B4QJ7myGfPJy1K0f0E3Tf4DU1HOQ0TZ1+z/U0PnY7sx6/xuRh/mUiSWTaz\r\neWvj6pPxKZ3IlP2ASjCFbU4vQmgmhAxwhxsb8eatYQ0rcrUaS9FFGWZgtrmXWYUt\r\ngKnRlXtZAVGsDObqLJbNSdZC1xI7wHfc66IMFjWoH4+vwzmYCMtXXKW2v1svoU6W\r\niZDYoONyAXMjklEGJ3U+g+Nzh54QWWUUSf55Czi4l2nfW81rwktkrTqrDiM4WSV2\r\nIrMUa28DMQA=\r\n-----END PKCS7-----\r\n",
                "subject": "deprecated"
              }
            ],
            "sso": false,
            "sso_disabled": false,
            "token_endpoint_auth_method": "client_secret_post",
            "web_origins": []
          },
          "sensitive_attributes": [],
          "private": "bnVsbA=="
        }
      ]
    },
    {
      "mode": "managed",
      "type": "auth0_resource_server",
      "name": "shell_ai_api",
      "provider": "provider[\"registry.terraform.io/auth0/auth0\"]",
      "instances": [
        {
          "schema_version": 0,
          "attributes": {
            "allow_offline_access": true,
            "enforce_policies": false,
            "id": "632cb3db21986affbeca877a",
            "identifier": "https://shell-ai-api.vercel.app",
            "name": "The Shel AI API",
            "options": {},
            "scopes": [],
            "signing_alg": "RS256",
            "signing_secret": "",
            "skip_consent_for_verifiable_first_party_clients": true,
            "token_dialect": "",
            "token_lifetime": 8600,
            "token_lifetime_for_web": 7200,
            "verification_location": ""
          },
          "sensitive_attributes": [],
          "private": "bnVsbA=="
        }
      ]
    }
  ]
}
